
Microsoft Visual Studio Solution File, Format Version 12.00
# Visual Studio 14
VisualStudioVersion = 14.0.24720.0
MinimumVisualStudioVersion = 10.0.40219.1
Project("{FAE04EC0-301F-11D3-BF4B-00C04F79EFBC}") = "Routes", "Routes\Routes.csproj", "{148E650C-6C5E-4C58-973C-9B67BFD1057E}"
EndProject
Project("{FAE04EC0-301F-11D3-BF4B-00C04F79EFBC}") = "ReturnNull.CanonicalRoutes", "ReturnNull.CanonicalRoutes\ReturnNull.CanonicalRoutes.csproj", "{D757A746-B28A-4B19-832F-B17144AB2051}"
EndProject
Project("{FAE04EC0-301F-11D3-BF4B-00C04F79EFBC}") = "ReturnNull.CanonicalRoutes.Tests", "ReturnNull.CanonicalRoutes.Tests\ReturnNull.CanonicalRoutes.Tests.csproj", "{5A031107-7EB6-4FA1-A649-360CC487B25A}"
EndProject
Global
	GlobalSection(SolutionConfigurationPlatforms) = preSolution
		Debug|Any CPU = Debug|Any CPU
		Release|Any CPU = Release|Any CPU
	EndGlobalSection
	GlobalSection(ProjectConfigurationPlatforms) = postSolution
		{148E650C-6C5E-4C58-973C-9B67BFD1057E}.Debug|Any CPU.ActiveCfg = Debug|Any CPU
		{148E650C-6C5E-4C58-973C-9B67BFD1057E}.Debug|Any CPU.Build.0 = Debug|Any CPU
		{148E650C-6C5E-4C58-973C-9B67BFD1057E}.Release|Any CPU.ActiveCfg = Release|Any CPU
		{148E650C-6C5E-4C58-973C-9B67BFD1057E}.Release|Any CPU.Build.0 = Release|Any CPU
		{D757A746-B28A-4B19-832F-B17144AB2051}.Debug|Any CPU.ActiveCfg = Debug|Any CPU
		{D757A746-B28A-4B19-832F-B17144AB2051}.Debug|Any CPU.Build.0 = Debug|Any CPU
		{D757A746-B28A-4B19-832F-B17144AB2051}.Release|Any CPU.ActiveCfg = Release|Any CPU
		{D757A746-B28A-4B19-832F-B17144AB2051}.Release|Any CPU.Build.0 = Release|Any CPU
		{5A031107-7EB6-4FA1-A649-360CC487B25A}.Debug|Any CPU.ActiveCfg = Debug|Any CPU
		{5A031107-7EB6-4FA1-A649-360CC487B25A}.Debug|Any CPU.Build.0 = Debug|Any CPU
		{5A031107-7EB6-4FA1-A649-360CC487B25A}.Release|Any CPU.ActiveCfg = Release|Any CPU
		{5A031107-7EB6-4FA1-A649-360CC487B25A}.Release|Any CPU.Build.0 = Release|Any CPU
	EndGlobalSection
	GlobalSection(SolutionProperties) = preSolution
		HideSolutionNode = FALSE
	EndGlobalSection
EndGlobal
